
Microsoft Visual Studio Solution File, Format Version 12.00
Project("{2150E333-8FDC-42A3-9474-1A3956D46DE8}") = "Services", "Services", "{7E93B7DC-813D-4D84-B61D-571DE3DDAEE8}"
EndProject
Project("{2150E333-8FDC-42A3-9474-1A3956D46DE8}") = "Catalog", "Catalog", "{021CD78E-849A-4E15-BA7D-99998F1926AC}"
EndProject
Project("{FAE04EC0-301F-11D3-BF4B-00C04F79EFBC}") = "Catalog.API", "Services\Catalog\Catalog.API\Catalog.API.csproj", "{5D1280FF-59EC-4929-AC88-3C76045E5F82}"
EndProject
Project("{2150E333-8FDC-42A3-9474-1A3956D46DE8}") = "BuildingBlocks", "BuildingBlocks", "{043806AF-6D83-44A2-958D-B582DAAD0BED}"
EndProject
Project("{FAE04EC0-301F-11D3-BF4B-00C04F79EFBC}") = "BuildingBlocks", "BuildingBlocks\BuildingBlocks.csproj", "{ED535432-0B50-4F71-B2AF-CD8FB18FA4AA}"
EndProject
Project("{2150E333-8FDC-42A3-9474-1A3956D46DE8}") = "Solution Items", "Solution Items", "{7CF22097-3E84-4CBE-84F4-310BE649D601}"
	ProjectSection(SolutionItems) = preProject
		docker-compose.yml = docker-compose.yml
		docker-compose.override.yml = docker-compose.override.yml
	EndProjectSection
EndProject
Project("{2150E333-8FDC-42A3-9474-1A3956D46DE8}") = "Basket", "Basket", "{DA544CC8-4A5F-4B09-A040-EABEBBFA2FFC}"
EndProject
Project("{FAE04EC0-301F-11D3-BF4B-00C04F79EFBC}") = "Basket.API", "Services\Basket\Basket.API\Basket.API.csproj", "{E3F1F55B-E1B4-4C28-AF22-3147ADA39356}"
EndProject
Project("{2150E333-8FDC-42A3-9474-1A3956D46DE8}") = "Discount", "Discount", "{1FDDC1AF-4592-4DED-B279-1ED117ECB78D}"
EndProject
Project("{FAE04EC0-301F-11D3-BF4B-00C04F79EFBC}") = "Discount.Grpc", "Discount.Grpc\Discount.Grpc.csproj", "{C74F2B0C-DACA-4498-871C-93DF955691A6}"
EndProject
Project("{2150E333-8FDC-42A3-9474-1A3956D46DE8}") = "Ordering", "Ordering", "{76A4DF39-F9A1-42AD-BE75-EEE0D890AF9D}"
EndProject
Project("{FAE04EC0-301F-11D3-BF4B-00C04F79EFBC}") = "Ordering.API", "Services\Ordering\Ordering.API\Ordering.API.csproj", "{474FC284-EC5B-4182-93A4-EAE0603CCB4A}"
EndProject
Global
	GlobalSection(SolutionConfigurationPlatforms) = preSolution
		Debug|Any CPU = Debug|Any CPU
		Release|Any CPU = Release|Any CPU
	EndGlobalSection
	GlobalSection(NestedProjects) = preSolution
		{021CD78E-849A-4E15-BA7D-99998F1926AC} = {7E93B7DC-813D-4D84-B61D-571DE3DDAEE8}
		{5D1280FF-59EC-4929-AC88-3C76045E5F82} = {021CD78E-849A-4E15-BA7D-99998F1926AC}
		{ED535432-0B50-4F71-B2AF-CD8FB18FA4AA} = {043806AF-6D83-44A2-958D-B582DAAD0BED}
		{DA544CC8-4A5F-4B09-A040-EABEBBFA2FFC} = {7E93B7DC-813D-4D84-B61D-571DE3DDAEE8}
		{E3F1F55B-E1B4-4C28-AF22-3147ADA39356} = {DA544CC8-4A5F-4B09-A040-EABEBBFA2FFC}
		{1FDDC1AF-4592-4DED-B279-1ED117ECB78D} = {7E93B7DC-813D-4D84-B61D-571DE3DDAEE8}
		{C74F2B0C-DACA-4498-871C-93DF955691A6} = {1FDDC1AF-4592-4DED-B279-1ED117ECB78D}
		{76A4DF39-F9A1-42AD-BE75-EEE0D890AF9D} = {7E93B7DC-813D-4D84-B61D-571DE3DDAEE8}
		{474FC284-EC5B-4182-93A4-EAE0603CCB4A} = {76A4DF39-F9A1-42AD-BE75-EEE0D890AF9D}
	EndGlobalSection
	GlobalSection(ProjectConfigurationPlatforms) = postSolution
		{5D1280FF-59EC-4929-AC88-3C76045E5F82}.Debug|Any CPU.ActiveCfg = Debug|Any CPU
		{5D1280FF-59EC-4929-AC88-3C76045E5F82}.Debug|Any CPU.Build.0 = Debug|Any CPU
		{5D1280FF-59EC-4929-AC88-3C76045E5F82}.Release|Any CPU.ActiveCfg = Release|Any CPU
		{5D1280FF-59EC-4929-AC88-3C76045E5F82}.Release|Any CPU.Build.0 = Release|Any CPU
		{ED535432-0B50-4F71-B2AF-CD8FB18FA4AA}.Debug|Any CPU.ActiveCfg = Debug|Any CPU
		{ED535432-0B50-4F71-B2AF-CD8FB18FA4AA}.Debug|Any CPU.Build.0 = Debug|Any CPU
		{ED535432-0B50-4F71-B2AF-CD8FB18FA4AA}.Release|Any CPU.ActiveCfg = Release|Any CPU
		{ED535432-0B50-4F71-B2AF-CD8FB18FA4AA}.Release|Any CPU.Build.0 = Release|Any CPU
		{E3F1F55B-E1B4-4C28-AF22-3147ADA39356}.Debug|Any CPU.ActiveCfg = Debug|Any CPU
		{E3F1F55B-E1B4-4C28-AF22-3147ADA39356}.Debug|Any CPU.Build.0 = Debug|Any CPU
		{E3F1F55B-E1B4-4C28-AF22-3147ADA39356}.Release|Any CPU.ActiveCfg = Release|Any CPU
		{E3F1F55B-E1B4-4C28-AF22-3147ADA39356}.Release|Any CPU.Build.0 = Release|Any CPU
		{C74F2B0C-DACA-4498-871C-93DF955691A6}.Debug|Any CPU.ActiveCfg = Debug|Any CPU
		{C74F2B0C-DACA-4498-871C-93DF955691A6}.Debug|Any CPU.Build.0 = Debug|Any CPU
		{C74F2B0C-DACA-4498-871C-93DF955691A6}.Release|Any CPU.ActiveCfg = Release|Any CPU
		{C74F2B0C-DACA-4498-871C-93DF955691A6}.Release|Any CPU.Build.0 = Release|Any CPU
		{474FC284-EC5B-4182-93A4-EAE0603CCB4A}.Debug|Any CPU.ActiveCfg = Debug|Any CPU
		{474FC284-EC5B-4182-93A4-EAE0603CCB4A}.Debug|Any CPU.Build.0 = Debug|Any CPU
		{474FC284-EC5B-4182-93A4-EAE0603CCB4A}.Release|Any CPU.ActiveCfg = Release|Any CPU
		{474FC284-EC5B-4182-93A4-EAE0603CCB4A}.Release|Any CPU.Build.0 = Release|Any CPU
	EndGlobalSection
EndGlobal
